
Microsoft Visual Studio Solution File, Format Version 12.00
# Visual Studio Version 17
VisualStudioVersion = 17.14.36327.8 d17.14
MinimumVisualStudioVersion = 10.0.40219.1
Project("{FAE04EC0-301F-11D3-BF4B-00C04F79EFBC}") = "prog5", "prog5\prog5.csproj", "{A9F7013A-C779-49D1-94E9-99E50889120C}"
EndProject
Global
	GlobalSection(SolutionConfigurationPlatforms) = preSolution
		Debug|Any CPU = Debug|Any CPU
		Release|Any CPU = Release|Any CPU
	EndGlobalSection
	GlobalSection(ProjectConfigurationPlatforms) = postSolution
		{A9F7013A-C779-49D1-94E9-99E50889120C}.Debug|Any CPU.ActiveCfg = Debug|Any CPU
		{A9F7013A-C779-49D1-94E9-99E50889120C}.Debug|Any CPU.Build.0 = Debug|Any CPU
		{A9F7013A-C779-49D1-94E9-99E50889120C}.Release|Any CPU.ActiveCfg = Release|Any CPU
		{A9F7013A-C779-49D1-94E9-99E50889120C}.Release|Any CPU.Build.0 = Release|Any CPU
	EndGlobalSection
	GlobalSection(SolutionProperties) = preSolution
		HideSolutionNode = FALSE
	EndGlobalSection
	GlobalSection(ExtensibilityGlobals) = postSolution
		SolutionGuid = {C79143D0-785B-4493-8A12-040F88DCE844}
	EndGlobalSection
EndGlobal
