
Microsoft Visual Studio Solution File, Format Version 12.00
# Visual Studio Version 17
VisualStudioVersion = 17.14.36327.8 d17.14
MinimumVisualStudioVersion = 10.0.40219.1
Project("{FAE04EC0-301F-11D3-BF4B-00C04F79EFBC}") = "prog6", "prog6\prog6.csproj", "{00EAFBAF-3559-4EB1-9FF9-B0301D0238A1}"
EndProject
Global
	GlobalSection(SolutionConfigurationPlatforms) = preSolution
		Debug|Any CPU = Debug|Any CPU
		Release|Any CPU = Release|Any CPU
	EndGlobalSection
	GlobalSection(ProjectConfigurationPlatforms) = postSolution
		{00EAFBAF-3559-4EB1-9FF9-B0301D0238A1}.Debug|Any CPU.ActiveCfg = Debug|Any CPU
		{00EAFBAF-3559-4EB1-9FF9-B0301D0238A1}.Debug|Any CPU.Build.0 = Debug|Any CPU
		{00EAFBAF-3559-4EB1-9FF9-B0301D0238A1}.Release|Any CPU.ActiveCfg = Release|Any CPU
		{00EAFBAF-3559-4EB1-9FF9-B0301D0238A1}.Release|Any CPU.Build.0 = Release|Any CPU
	EndGlobalSection
	GlobalSection(SolutionProperties) = preSolution
		HideSolutionNode = FALSE
	EndGlobalSection
	GlobalSection(ExtensibilityGlobals) = postSolution
		SolutionGuid = {03A0D83B-9161-4C17-A9FA-D0246158F3DB}
	EndGlobalSection
EndGlobal
