
Microsoft Visual Studio Solution File, Format Version 12.00
# Visual Studio Version 17
VisualStudioVersion = 17.14.36327.8 d17.14
MinimumVisualStudioVersion = 10.0.40219.1
Project("{FAE04EC0-301F-11D3-BF4B-00C04F79EFBC}") = "stack", "stack\stack.csproj", "{6848EE93-461F-43D9-982D-EEC0F2B752DB}"
EndProject
Global
	GlobalSection(SolutionConfigurationPlatforms) = preSolution
		Debug|Any CPU = Debug|Any CPU
		Release|Any CPU = Release|Any CPU
	EndGlobalSection
	GlobalSection(ProjectConfigurationPlatforms) = postSolution
		{6848EE93-461F-43D9-982D-EEC0F2B752DB}.Debug|Any CPU.ActiveCfg = Debug|Any CPU
		{6848EE93-461F-43D9-982D-EEC0F2B752DB}.Debug|Any CPU.Build.0 = Debug|Any CPU
		{6848EE93-461F-43D9-982D-EEC0F2B752DB}.Release|Any CPU.ActiveCfg = Release|Any CPU
		{6848EE93-461F-43D9-982D-EEC0F2B752DB}.Release|Any CPU.Build.0 = Release|Any CPU
	EndGlobalSection
	GlobalSection(SolutionProperties) = preSolution
		HideSolutionNode = FALSE
	EndGlobalSection
	GlobalSection(ExtensibilityGlobals) = postSolution
		SolutionGuid = {FBA5E944-65E9-4FCA-956F-CF7C4CD9AE98}
	EndGlobalSection
EndGlobal
