
Microsoft Visual Studio Solution File, Format Version 12.00
# Visual Studio Version 17
VisualStudioVersion = 17.14.36327.8 d17.14
MinimumVisualStudioVersion = 10.0.40219.1
Project("{FAE04EC0-301F-11D3-BF4B-00C04F79EFBC}") = "queue", "queue\queue.csproj", "{708F6A38-D0A7-4564-B520-0E77F40BB498}"
EndProject
Global
	GlobalSection(SolutionConfigurationPlatforms) = preSolution
		Debug|Any CPU = Debug|Any CPU
		Release|Any CPU = Release|Any CPU
	EndGlobalSection
	GlobalSection(ProjectConfigurationPlatforms) = postSolution
		{708F6A38-D0A7-4564-B520-0E77F40BB498}.Debug|Any CPU.ActiveCfg = Debug|Any CPU
		{708F6A38-D0A7-4564-B520-0E77F40BB498}.Debug|Any CPU.Build.0 = Debug|Any CPU
		{708F6A38-D0A7-4564-B520-0E77F40BB498}.Release|Any CPU.ActiveCfg = Release|Any CPU
		{708F6A38-D0A7-4564-B520-0E77F40BB498}.Release|Any CPU.Build.0 = Release|Any CPU
	EndGlobalSection
	GlobalSection(SolutionProperties) = preSolution
		HideSolutionNode = FALSE
	EndGlobalSection
	GlobalSection(ExtensibilityGlobals) = postSolution
		SolutionGuid = {6B0259BC-FC2E-479D-A32A-72790F98CFD7}
	EndGlobalSection
EndGlobal
