
Microsoft Visual Studio Solution File, Format Version 12.00
# Visual Studio Version 17
VisualStudioVersion = 17.14.36327.8 d17.14
MinimumVisualStudioVersion = 10.0.40219.1
Project("{FAE04EC0-301F-11D3-BF4B-00C04F79EFBC}") = "program19", "program19\program19.csproj", "{BF6C33F6-2AA9-48C0-9614-11317AC93AF6}"
EndProject
Global
	GlobalSection(SolutionConfigurationPlatforms) = preSolution
		Debug|Any CPU = Debug|Any CPU
		Release|Any CPU = Release|Any CPU
	EndGlobalSection
	GlobalSection(ProjectConfigurationPlatforms) = postSolution
		{BF6C33F6-2AA9-48C0-9614-11317AC93AF6}.Debug|Any CPU.ActiveCfg = Debug|Any CPU
		{BF6C33F6-2AA9-48C0-9614-11317AC93AF6}.Debug|Any CPU.Build.0 = Debug|Any CPU
		{BF6C33F6-2AA9-48C0-9614-11317AC93AF6}.Release|Any CPU.ActiveCfg = Release|Any CPU
		{BF6C33F6-2AA9-48C0-9614-11317AC93AF6}.Release|Any CPU.Build.0 = Release|Any CPU
	EndGlobalSection
	GlobalSection(SolutionProperties) = preSolution
		HideSolutionNode = FALSE
	EndGlobalSection
	GlobalSection(ExtensibilityGlobals) = postSolution
		SolutionGuid = {91838EEF-C472-4D0A-83DD-D298B877FDB9}
	EndGlobalSection
EndGlobal
