
Microsoft Visual Studio Solution File, Format Version 12.00
# Visual Studio Version 17
VisualStudioVersion = 17.14.36327.8 d17.14
MinimumVisualStudioVersion = 10.0.40219.1
Project("{FAE04EC0-301F-11D3-BF4B-00C04F79EFBC}") = "filehandling", "filehandling\filehandling.csproj", "{846B835E-81A8-4505-845E-AC031462A935}"
EndProject
Global
	GlobalSection(SolutionConfigurationPlatforms) = preSolution
		Debug|Any CPU = Debug|Any CPU
		Release|Any CPU = Release|Any CPU
	EndGlobalSection
	GlobalSection(ProjectConfigurationPlatforms) = postSolution
		{846B835E-81A8-4505-845E-AC031462A935}.Debug|Any CPU.ActiveCfg = Debug|Any CPU
		{846B835E-81A8-4505-845E-AC031462A935}.Debug|Any CPU.Build.0 = Debug|Any CPU
		{846B835E-81A8-4505-845E-AC031462A935}.Release|Any CPU.ActiveCfg = Release|Any CPU
		{846B835E-81A8-4505-845E-AC031462A935}.Release|Any CPU.Build.0 = Release|Any CPU
	EndGlobalSection
	GlobalSection(SolutionProperties) = preSolution
		HideSolutionNode = FALSE
	EndGlobalSection
	GlobalSection(ExtensibilityGlobals) = postSolution
		SolutionGuid = {73045772-EF8C-43EB-83BD-AEF9B6802354}
	EndGlobalSection
EndGlobal
